
Microsoft Visual Studio Solution File, Format Version 12.00
# Visual Studio 15
VisualStudioVersion = 15.0.28307.572
MinimumVisualStudioVersion = 10.0.40219.1
Project("{FAE04EC0-301F-11D3-BF4B-00C04F79EFBC}") = "GitHubSubmit", "GitHubSubmit\GitHubSubmit.csproj", "{CD673178-7B78-4666-B620-373D10786478}"
EndProject
Global
	GlobalSection(SolutionConfigurationPlatforms) = preSolution
		Debug|Any CPU = Debug|Any CPU
		Release|Any CPU = Release|Any CPU
	EndGlobalSection
	GlobalSection(ProjectConfigurationPlatforms) = postSolution
		{CD673178-7B78-4666-B620-373D10786478}.Debug|Any CPU.ActiveCfg = Debug|Any CPU
		{CD673178-7B78-4666-B620-373D10786478}.Debug|Any CPU.Build.0 = Debug|Any CPU
		{CD673178-7B78-4666-B620-373D10786478}.Release|Any CPU.ActiveCfg = Release|Any CPU
		{CD673178-7B78-4666-B620-373D10786478}.Release|Any CPU.Build.0 = Release|Any CPU
	EndGlobalSection
	GlobalSection(SolutionProperties) = preSolution
		HideSolutionNode = FALSE
	EndGlobalSection
	GlobalSection(ExtensibilityGlobals) = postSolution
		SolutionGuid = {7A1F1540-97E8-4EB2-9337-32C4BFBA3DB1}
	EndGlobalSection
EndGlobal
